
Microsoft Visual Studio Solution File, Format Version 12.00
# Visual Studio Version 16
VisualStudioVersion = 16.0.31515.178
MinimumVisualStudioVersion = 10.0.40219.1
Project("{9A19103F-16F7-4668-BE54-9A1E7A4F7556}") = "SimpleGA.Tests", "..\..\tests\SimpleGA.Tests\SimpleGA.Tests.csproj", "{007D7276-EC77-456E-9D71-28F3BE6B0A2C}"
EndProject
Project("{FAE04EC0-301F-11D3-BF4B-00C04F79EFBC}") = "SimpleGA", "SimpleGA\SimpleGA.csproj", "{FCF3A64F-FD12-4091-BEAB-30412DEC18D9}"
EndProject
Global
	GlobalSection(SolutionConfigurationPlatforms) = preSolution
		Debug|Any CPU = Debug|Any CPU
		Release|Any CPU = Release|Any CPU
	EndGlobalSection
	GlobalSection(ProjectConfigurationPlatforms) = postSolution
		{007D7276-EC77-456E-9D71-28F3BE6B0A2C}.Debug|Any CPU.ActiveCfg = Debug|Any CPU
		{007D7276-EC77-456E-9D71-28F3BE6B0A2C}.Debug|Any CPU.Build.0 = Debug|Any CPU
		{007D7276-EC77-456E-9D71-28F3BE6B0A2C}.Release|Any CPU.ActiveCfg = Release|Any CPU
		{007D7276-EC77-456E-9D71-28F3BE6B0A2C}.Release|Any CPU.Build.0 = Release|Any CPU
		{FCF3A64F-FD12-4091-BEAB-30412DEC18D9}.Debug|Any CPU.ActiveCfg = Debug|Any CPU
		{FCF3A64F-FD12-4091-BEAB-30412DEC18D9}.Debug|Any CPU.Build.0 = Debug|Any CPU
		{FCF3A64F-FD12-4091-BEAB-30412DEC18D9}.Release|Any CPU.ActiveCfg = Release|Any CPU
		{FCF3A64F-FD12-4091-BEAB-30412DEC18D9}.Release|Any CPU.Build.0 = Release|Any CPU
	EndGlobalSection
	GlobalSection(SolutionProperties) = preSolution
		HideSolutionNode = FALSE
	EndGlobalSection
	GlobalSection(ExtensibilityGlobals) = postSolution
		SolutionGuid = {B7B06C98-898D-4C5B-9D47-579ECE4D070C}
	EndGlobalSection
EndGlobal
